
Microsoft Visual Studio Solution File, Format Version 11.00
# Visual C++ Express 2010
Project("{8BC9CEB8-8B4A-11D0-8D11-00A0C91BC942}") = "7. Interes Compuesto", "7. Interes Compuesto\7. Interes Compuesto.vcxproj", "{DF05F53D-B195-4157-9188-5B5E70FB999D}"
EndProject
Global
	GlobalSection(SolutionConfigurationPlatforms) = preSolution
		Debug|Win32 = Debug|Win32
		Release|Win32 = Release|Win32
	EndGlobalSection
	GlobalSection(ProjectConfigurationPlatforms) = postSolution
		{DF05F53D-B195-4157-9188-5B5E70FB999D}.Debug|Win32.ActiveCfg = Debug|Win32
		{DF05F53D-B195-4157-9188-5B5E70FB999D}.Debug|Win32.Build.0 = Debug|Win32
		{DF05F53D-B195-4157-9188-5B5E70FB999D}.Release|Win32.ActiveCfg = Release|Win32
		{DF05F53D-B195-4157-9188-5B5E70FB999D}.Release|Win32.Build.0 = Release|Win32
	EndGlobalSection
	GlobalSection(SolutionProperties) = preSolution
		HideSolutionNode = FALSE
	EndGlobalSection
EndGlobal
